// !$*UTF8*$!
{
	archiveVersion = 1;
	classes = {
	};
	objectVersion = 48;
	objects = {

/* Begin PBXBuildFile section */
		1F804682201D41C300D3BB6E /* loginViewController.swift in Sources */ = {isa = PBXBuildFile; fileRef = 1F804681201D41C300D3BB6E /* loginViewController.swift */; };
		1FB95561201CFE9400253C78 /* AppDelegate.swift in Sources */ = {isa = PBXBuildFile; fileRef = 1FB95560201CFE9400253C78 /* AppDelegate.swift */; };
		1FB95563201CFE9400253C78 /* FirstViewController.swift in Sources */ = {isa = PBXBuildFile; fileRef = 1FB95562201CFE9400253C78 /* FirstViewController.swift */; };
		1FB95565201CFE9400253C78 /* SecondViewController.swift in Sources */ = {isa = PBXBuildFile; fileRef = 1FB95564201CFE9400253C78 /* SecondViewController.swift */; };
		1FB95568201CFE9400253C78 /* Main.storyboard in Resources */ = {isa = PBXBuildFile; fileRef = 1FB95566201CFE9400253C78 /* Main.storyboard */; };
		1FB9556A201CFE9400253C78 /* Assets.xcassets in Resources */ = {isa = PBXBuildFile; fileRef = 1FB95569201CFE9400253C78 /* Assets.xcassets */; };
		1FB9556D201CFE9400253C78 /* LaunchScreen.storyboard in Resources */ = {isa = PBXBuildFile; fileRef = 1FB9556B201CFE9400253C78 /* LaunchScreen.storyboard */; };
		1FB95578201CFE9400253C78 /* sharedApp2Tests.swift in Sources */ = {isa = PBXBuildFile; fileRef = 1FB95577201CFE9400253C78 /* sharedApp2Tests.swift */; };
		1FB95583201CFE9400253C78 /* sharedApp2UITests.swift in Sources */ = {isa = PBXBuildFile; fileRef = 1FB95582201CFE9400253C78 /* sharedApp2UITests.swift */; };
		92D7F60F201D5D6F00AAC930 /* CatalogViewController.swift in Sources */ = {isa = PBXBuildFile; fileRef = 92D7F60E201D5D6F00AAC930 /* CatalogViewController.swift */; };
		92D7F611201D5F3A00AAC930 /* RatingControl.swift in Sources */ = {isa = PBXBuildFile; fileRef = 92D7F610201D5F3A00AAC930 /* RatingControl.swift */; };
/* End PBXBuildFile section */

/* Begin PBXContainerItemProxy section */
		1FB95574201CFE9400253C78 /* PBXContainerItemProxy */ = {
			isa = PBXContainerItemProxy;
			containerPortal = 1FB95555201CFE9300253C78 /* Project object */;
			proxyType = 1;
			remoteGlobalIDString = 1FB9555C201CFE9400253C78;
			remoteInfo = sharedApp2;
		};
		1FB9557F201CFE9400253C78 /* PBXContainerItemProxy */ = {
			isa = PBXContainerItemProxy;
			containerPortal = 1FB95555201CFE9300253C78 /* Project object */;
			proxyType = 1;
			remoteGlobalIDString = 1FB9555C201CFE9400253C78;
			remoteInfo = sharedApp2;
		};
/* End PBXContainerItemProxy section */

/* Begin PBXFileReference section */
		1F804681201D41C300D3BB6E /* loginViewController.swift */ = {isa = PBXFileReference; lastKnownFileType = sourcecode.swift; path = loginViewController.swift; sourceTree = "<group>"; };
		1FB9555D201CFE9400253C78 /* sharedApp2.app */ = {isa = PBXFileReference; explicitFileType = wrapper.application; includeInIndex = 0; path = sharedApp2.app; sourceTree = BUILT_PRODUCTS_DIR; };
		1FB95560201CFE9400253C78 /* AppDelegate.swift */ = {isa = PBXFileReference; lastKnownFileType = sourcecode.swift; path = AppDelegate.swift; sourceTree = "<group>"; };
		1FB95562201CFE9400253C78 /* FirstViewController.swift */ = {isa = PBXFileReference; lastKnownFileType = sourcecode.swift; path = FirstViewController.swift; sourceTree = "<group>"; };
		1FB95564201CFE9400253C78 /* SecondViewController.swift */ = {isa = PBXFileReference; lastKnownFileType = sourcecode.swift; path = SecondViewController.swift; sourceTree = "<group>"; };
		1FB95567201CFE9400253C78 /* Base */ = {isa = PBXFileReference; lastKnownFileType = file.storyboard; name = Base; path = Base.lproj/Main.storyboard; sourceTree = "<group>"; };
		1FB95569201CFE9400253C78 /* Assets.xcassets */ = {isa = PBXFileReference; lastKnownFileType = folder.assetcatalog; path = Assets.xcassets; sourceTree = "<group>"; };
		1FB9556C201CFE9400253C78 /* Base */ = {isa = PBXFileReference; lastKnownFileType = file.storyboard; name = Base; path = Base.lproj/LaunchScreen.storyboard; sourceTree = "<group>"; };
		1FB9556E201CFE9400253C78 /* Info.plist */ = {isa = PBXFileReference; lastKnownFileType = text.plist.xml; path = Info.plist; sourceTree = "<group>"; };
		1FB95573201CFE9400253C78 /* sharedApp2Tests.xctest */ = {isa = PBXFileReference; explicitFileType = wrapper.cfbundle; includeInIndex = 0; path = sharedApp2Tests.xctest; sourceTree = BUILT_PRODUCTS_DIR; };
		1FB95577201CFE9400253C78 /* sharedApp2Tests.swift */ = {isa = PBXFileReference; lastKnownFileType = sourcecode.swift; path = sharedApp2Tests.swift; sourceTree = "<group>"; };
		1FB95579201CFE9400253C78 /* Info.plist */ = {isa = PBXFileReference; lastKnownFileType = text.plist.xml; path = Info.plist; sourceTree = "<group>"; };
		1FB9557E201CFE9400253C78 /* sharedApp2UITests.xctest */ = {isa = PBXFileReference; explicitFileType = wrapper.cfbundle; includeInIndex = 0; path = sharedApp2UITests.xctest; sourceTree = BUILT_PRODUCTS_DIR; };
		1FB95582201CFE9400253C78 /* sharedApp2UITests.swift */ = {isa = PBXFileReference; lastKnownFileType = sourcecode.swift; path = sharedApp2UITests.swift; sourceTree = "<group>"; };
		1FB95584201CFE9400253C78 /* Info.plist */ = {isa = PBXFileReference; lastKnownFileType = text.plist.xml; path = Info.plist; sourceTree = "<group>"; };
		92D7F60E201D5D6F00AAC930 /* CatalogViewController.swift */ = {isa = PBXFileReference; fileEncoding = 4; lastKnownFileType = sourcecode.swift; path = CatalogViewController.swift; sourceTree = "<group>"; };
		92D7F610201D5F3A00AAC930 /* RatingControl.swift */ = {isa = PBXFileReference; lastKnownFileType = sourcecode.swift; path = RatingControl.swift; sourceTree = "<group>"; };
/* End PBXFileReference section */

/* Begin PBXFrameworksBuildPhase section */
		1FB9555A201CFE9400253C78 /* Frameworks */ = {
			isa = PBXFrameworksBuildPhase;
			buildActionMask = 2147483647;
			files = (
			);
			runOnlyForDeploymentPostprocessing = 0;
		};
		1FB95570201CFE9400253C78 /* Frameworks */ = {
			isa = PBXFrameworksBuildPhase;
			buildActionMask = 2147483647;
			files = (
			);
			runOnlyForDeploymentPostprocessing = 0;
		};
		1FB9557B201CFE9400253C78 /* Frameworks */ = {
			isa = PBXFrameworksBuildPhase;
			buildActionMask = 2147483647;
			files = (
			);
			runOnlyForDeploymentPostprocessing = 0;
		};
/* End PBXFrameworksBuildPhase section */

/* Begin PBXGroup section */
		1FB95554201CFE9300253C78 = {
			isa = PBXGroup;
			children = (
				1FB9555F201CFE9400253C78 /* sharedApp2 */,
				1FB95576201CFE9400253C78 /* sharedApp2Tests */,
				1FB95581201CFE9400253C78 /* sharedApp2UITests */,
				1FB9555E201CFE9400253C78 /* Products */,
			);
			sourceTree = "<group>";
		};
		1FB9555E201CFE9400253C78 /* Products */ = {
			isa = PBXGroup;
			children = (
				1FB9555D201CFE9400253C78 /* sharedApp2.app */,
				1FB95573201CFE9400253C78 /* sharedApp2Tests.xctest */,
				1FB9557E201CFE9400253C78 /* sharedApp2UITests.xctest */,
			);
			name = Products;
			sourceTree = "<group>";
		};
		1FB9555F201CFE9400253C78 /* sharedApp2 */ = {
			isa = PBXGroup;
			children = (
				1FB95560201CFE9400253C78 /* AppDelegate.swift */,
				1FB95562201CFE9400253C78 /* FirstViewController.swift */,
				1FB95564201CFE9400253C78 /* SecondViewController.swift */,
				92D7F60E201D5D6F00AAC930 /* CatalogViewController.swift */,
				92D7F610201D5F3A00AAC930 /* RatingControl.swift */,
				1FB95566201CFE9400253C78 /* Main.storyboard */,
				1F804681201D41C300D3BB6E /* loginViewController.swift */,
				1FB95569201CFE9400253C78 /* Assets.xcassets */,
				1FB9556B201CFE9400253C78 /* LaunchScreen.storyboard */,
				1FB9556E201CFE9400253C78 /* Info.plist */,
			);
			path = sharedApp2;
			sourceTree = "<group>";
		};
		1FB95576201CFE9400253C78 /* sharedApp2Tests */ = {
			isa = PBXGroup;
			children = (
				1FB95577201CFE9400253C78 /* sharedApp2Tests.swift */,
				1FB95579201CFE9400253C78 /* Info.plist */,
			);
			path = sharedApp2Tests;
			sourceTree = "<group>";
		};
		1FB95581201CFE9400253C78 /* sharedApp2UITests */ = {
			isa = PBXGroup;
			children = (
				1FB95582201CFE9400253C78 /* sharedApp2UITests.swift */,
				1FB95584201CFE9400253C78 /* Info.plist */,
			);
			path = sharedApp2UITests;
			sourceTree = "<group>";
		};
/* End PBXGroup section */

/* Begin PBXNativeTarget section */
		1FB9555C201CFE9400253C78 /* sharedApp2 */ = {
			isa = PBXNativeTarget;
			buildConfigurationList = 1FB95587201CFE9400253C78 /* Build configuration list for PBXNativeTarget "sharedApp2" */;
			buildPhases = (
				1FB95559201CFE9400253C78 /* Sources */,
				1FB9555A201CFE9400253C78 /* Frameworks */,
				1FB9555B201CFE9400253C78 /* Resources */,
			);
			buildRules = (
			);
			dependencies = (
			);
			name = sharedApp2;
			productName = sharedApp2;
			productReference = 1FB9555D201CFE9400253C78 /* sharedApp2.app */;
			productType = "com.apple.product-type.application";
		};
		1FB95572201CFE9400253C78 /* sharedApp2Tests */ = {
			isa = PBXNativeTarget;
			buildConfigurationList = 1FB9558A201CFE9400253C78 /* Build configuration list for PBXNativeTarget "sharedApp2Tests" */;
			buildPhases = (
				1FB9556F201CFE9400253C78 /* Sources */,
				1FB95570201CFE9400253C78 /* Frameworks */,
				1FB95571201CFE9400253C78 /* Resources */,
			);
			buildRules = (
			);
			dependencies = (
				1FB95575201CFE9400253C78 /* PBXTargetDependency */,
			);
			name = sharedApp2Tests;
			productName = sharedApp2Tests;
			productReference = 1FB95573201CFE9400253C78 /* sharedApp2Tests.xctest */;
			productType = "com.apple.product-type.bundle.unit-test";
		};
		1FB9557D201CFE9400253C78 /* sharedApp2UITests */ = {
			isa = PBXNativeTarget;
			buildConfigurationList = 1FB9558D201CFE9400253C78 /* Build configuration list for PBXNativeTarget "sharedApp2UITests" */;
			buildPhases = (
				1FB9557A201CFE9400253C78 /* Sources */,
				1FB9557B201CFE9400253C78 /* Frameworks */,
				1FB9557C201CFE9400253C78 /* Resources */,
			);
			buildRules = (
			);
			dependencies = (
				1FB95580201CFE9400253C78 /* PBXTargetDependency */,
			);
			name = sharedApp2UITests;
			productName = sharedApp2UITests;
			productReference = 1FB9557E201CFE9400253C78 /* sharedApp2UITests.xctest */;
			productType = "com.apple.product-type.bundle.ui-testing";
		};
/* End PBXNativeTarget section */

/* Begin PBXProject section */
		1FB95555201CFE9300253C78 /* Project object */ = {
			isa = PBXProject;
			attributes = {
				LastSwiftUpdateCheck = 0920;
				LastUpgradeCheck = 0920;
				ORGANIZATIONNAME = "Megan Goodling";
				TargetAttributes = {
					1FB9555C201CFE9400253C78 = {
						CreatedOnToolsVersion = 9.2;
						ProvisioningStyle = Automatic;
					};
					1FB95572201CFE9400253C78 = {
						CreatedOnToolsVersion = 9.2;
						ProvisioningStyle = Automatic;
						TestTargetID = 1FB9555C201CFE9400253C78;
					};
					1FB9557D201CFE9400253C78 = {
						CreatedOnToolsVersion = 9.2;
						ProvisioningStyle = Automatic;
						TestTargetID = 1FB9555C201CFE9400253C78;
					};
				};
			};
			buildConfigurationList = 1FB95558201CFE9300253C78 /* Build configuration list for PBXProject "sharedApp2" */;
			compatibilityVersion = "Xcode 8.0";
			developmentRegion = en;
			hasScannedForEncodings = 0;
			knownRegions = (
				en,
				Base,
			);
			mainGroup = 1FB95554201CFE9300253C78;
			productRefGroup = 1FB9555E201CFE9400253C78 /* Products */;
			projectDirPath = "";
			projectRoot = "";
			targets = (
				1FB9555C201CFE9400253C78 /* sharedApp2 */,
				1FB95572201CFE9400253C78 /* sharedApp2Tests */,
				1FB9557D201CFE9400253C78 /* sharedApp2UITests */,
			);
		};
/* End PBXProject section */

/* Begin PBXResourcesBuildPhase section */
		1FB9555B201CFE9400253C78 /* Resources */ = {
			isa = PBXResourcesBuildPhase;
			buildActionMask = 2147483647;
			files = (
				1FB9556D201CFE9400253C78 /* LaunchScreen.storyboard in Resources */,
				1FB9556A201CFE9400253C78 /* Assets.xcassets in Resources */,
				1FB95568201CFE9400253C78 /* Main.storyboard in Resources */,
			);
			runOnlyForDeploymentPostprocessing = 0;
		};
		1FB95571201CFE9400253C78 /* Resources */ = {
			isa = PBXResourcesBuildPhase;
			buildActionMask = 2147483647;
			files = (
			);
			runOnlyForDeploymentPostprocessing = 0;
		};
		1FB9557C201CFE9400253C78 /* Resources */ = {
			isa = PBXResourcesBuildPhase;
			buildActionMask = 2147483647;
			files = (
			);
			runOnlyForDeploymentPostprocessing = 0;
		};
/* End PBXResourcesBuildPhase section */

/* Begin PBXSourcesBuildPhase section */
		1FB95559201CFE9400253C78 /* Sources */ = {
			isa = PBXSourcesBuildPhase;
			buildActionMask = 2147483647;
			files = (
				92D7F60F201D5D6F00AAC930 /* CatalogViewController.swift in Sources */,
				1F804682201D41C300D3BB6E /* loginViewController.swift in Sources */,
				1FB95565201CFE9400253C78 /* SecondViewController.swift in Sources */,
				1FB95561201CFE9400253C78 /* AppDelegate.swift in Sources */,
				92D7F611201D5F3A00AAC930 /* RatingControl.swift in Sources */,
				1FB95563201CFE9400253C78 /* FirstViewController.swift in Sources */,
			);
			runOnlyForDeploymentPostprocessing = 0;
		};
		1FB9556F201CFE9400253C78 /* Sources */ = {
			isa = PBXSourcesBuildPhase;
			buildActionMask = 2147483647;
			files = (
				1FB95578201CFE9400253C78 /* sharedApp2Tests.swift in Sources */,
			);
			runOnlyForDeploymentPostprocessing = 0;
		};
		1FB9557A201CFE9400253C78 /* Sources */ = {
			isa = PBXSourcesBuildPhase;
			buildActionMask = 2147483647;
			files = (
				1FB95583201CFE9400253C78 /* sharedApp2UITests.swift in Sources */,
			);
			runOnlyForDeploymentPostprocessing = 0;
		};
/* End PBXSourcesBuildPhase section */

/* Begin PBXTargetDependency section */
		1FB95575201CFE9400253C78 /* PBXTargetDependency */ = {
			isa = PBXTargetDependency;
			target = 1FB9555C201CFE9400253C78 /* sharedApp2 */;
			targetProxy = 1FB95574201CFE9400253C78 /* PBXContainerItemProxy */;
		};
		1FB95580201CFE9400253C78 /* PBXTargetDependency */ = {
			isa = PBXTargetDependency;
			target = 1FB9555C201CFE9400253C78 /* sharedApp2 */;
			targetProxy = 1FB9557F201CFE9400253C78 /* PBXContainerItemProxy */;
		};
/* End PBXTargetDependency section */

/* Begin PBXVariantGroup section */
		1FB95566201CFE9400253C78 /* Main.storyboard */ = {
			isa = PBXVariantGroup;
			children = (
				1FB95567201CFE9400253C78 /* Base */,
			);
			name = Main.storyboard;
			sourceTree = "<group>";
		};
		1FB9556B201CFE9400253C78 /* LaunchScreen.storyboard */ = {
			isa = PBXVariantGroup;
			children = (
				1FB9556C201CFE9400253C78 /* Base */,
			);
			name = LaunchScreen.storyboard;
			sourceTree = "<group>";
		};
/* End PBXVariantGroup section */

/* Begin XCBuildConfiguration section */
		1FB95585201CFE9400253C78 /* Debug */ = {
			isa = XCBuildConfiguration;
			buildSettings = {
				ALWAYS_SEARCH_USER_PATHS = NO;
				CLANG_ANALYZER_NONNULL = YES;
				CLANG_ANALYZER_NUMBER_OBJECT_CONVERSION = YES_AGGRESSIVE;
				CLANG_CXX_LANGUAGE_STANDARD = "gnu++14";
				CLANG_CXX_LIBRARY = "libc++";
				CLANG_ENABLE_MODULES = YES;
				CLANG_ENABLE_OBJC_ARC = YES;
				CLANG_WARN_BLOCK_CAPTURE_AUTORELEASING = YES;
				CLANG_WARN_BOOL_CONVERSION = YES;
				CLANG_WARN_COMMA = YES;
				CLANG_WARN_CONSTANT_CONVERSION = YES;
				CLANG_WARN_DIRECT_OBJC_ISA_USAGE = YES_ERROR;
				CLANG_WARN_DOCUMENTATION_COMMENTS = YES;
				CLANG_WARN_EMPTY_BODY = YES;
				CLANG_WARN_ENUM_CONVERSION = YES;
				CLANG_WARN_INFINITE_RECURSION = YES;
				CLANG_WARN_INT_CONVERSION = YES;
				CLANG_WARN_NON_LITERAL_NULL_CONVERSION = YES;
				CLANG_WARN_OBJC_LITERAL_CONVERSION = YES;
				CLANG_WARN_OBJC_ROOT_CLASS = YES_ERROR;
				CLANG_WARN_RANGE_LOOP_ANALYSIS = YES;
				CLANG_WARN_STRICT_PROTOTYPES = YES;
				CLANG_WARN_SUSPICIOUS_MOVE = YES;
				CLANG_WARN_UNGUARDED_AVAILABILITY = YES_AGGRESSIVE;
				CLANG_WARN_UNREACHABLE_CODE = YES;
				CLANG_WARN__DUPLICATE_METHOD_MATCH = YES;
				CODE_SIGN_IDENTITY = "iPhone Developer";
				COPY_PHASE_STRIP = NO;
				DEBUG_INFORMATION_FORMAT = dwarf;
				ENABLE_STRICT_OBJC_MSGSEND = YES;
				ENABLE_TESTABILITY = YES;
				GCC_C_LANGUAGE_STANDARD = gnu11;
				GCC_DYNAMIC_NO_PIC = NO;
				GCC_NO_COMMON_BLOCKS = YES;
				GCC_OPTIMIZATION_LEVEL = 0;
				GCC_PREPROCESSOR_DEFINITIONS = (
					"DEBUG=1",
					"$(inherited)",
				);
				GCC_WARN_64_TO_32_BIT_CONVERSION = YES;
				GCC_WARN_ABOUT_RETURN_TYPE = YES_ERROR;
				GCC_WARN_UNDECLARED_SELECTOR = YES;
				GCC_WARN_UNINITIALIZED_AUTOS = YES_AGGRESSIVE;
				GCC_WARN_UNUSED_FUNCTION = YES;
				GCC_WARN_UNUSED_VARIABLE = YES;
				IPHONEOS_DEPLOYMENT_TARGET = 11.2;
				MTL_ENABLE_DEBUG_INFO = YES;
				ONLY_ACTIVE_ARCH = YES;
				SDKROOT = iphoneos;
				SWIFT_ACTIVE_COMPILATION_CONDITIONS = DEBUG;
				SWIFT_OPTIMIZATION_LEVEL = "-Onone";
			};
			name = Debug;
		};
		1FB95586201CFE9400253C78 /* Release */ = {
			isa = XCBuildConfiguration;
			buildSettings = {
				ALWAYS_SEARCH_USER_PATHS = NO;
				CLANG_ANALYZER_NONNULL = YES;
				CLANG_ANALYZER_NUMBER_OBJECT_CONVERSION = YES_AGGRESSIVE;
				CLANG_CXX_LANGUAGE_STANDARD = "gnu++14";
				CLANG_CXX_LIBRARY = "libc++";
				CLANG_ENABLE_MODULES = YES;
				CLANG_ENABLE_OBJC_ARC = YES;
				CLANG_WARN_BLOCK_CAPTURE_AUTORELEASING = YES;
				CLANG_WARN_BOOL_CONVERSION = YES;
				CLANG_WARN_COMMA = YES;
				CLANG_WARN_CONSTANT_CONVERSION = YES;
				CLANG_WARN_DIRECT_OBJC_ISA_USAGE = YES_ERROR;
				CLANG_WARN_DOCUMENTATION_COMMENTS = YES;
				CLANG_WARN_EMPTY_BODY = YES;
				CLANG_WARN_ENUM_CONVERSION = YES;
				CLANG_WARN_INFINITE_RECURSION = YES;
				CLANG_WARN_INT_CONVERSION = YES;
				CLANG_WARN_NON_LITERAL_NULL_CONVERSION = YES;
				CLANG_WARN_OBJC_LITERAL_CONVERSION = YES;
				CLANG_WARN_OBJC_ROOT_CLASS = YES_ERROR;
				CLANG_WARN_RANGE_LOOP_ANALYSIS = YES;
				CLANG_WARN_STRICT_PROTOTYPES = YES;
				CLANG_WARN_SUSPICIOUS_MOVE = YES;
				CLANG_WARN_UNGUARDED_AVAILABILITY = YES_AGGRESSIVE;
				CLANG_WARN_UNREACHABLE_CODE = YES;
				CLANG_WARN__DUPLICATE_METHOD_MATCH = YES;
				CODE_SIGN_IDENTITY = "iPhone Developer";
				COPY_PHASE_STRIP = NO;
				DEBUG_INFORMATION_FORMAT = "dwarf-with-dsym";
				ENABLE_NS_ASSERTIONS = NO;
				ENABLE_STRICT_OBJC_MSGSEND = YES;
				GCC_C_LANGUAGE_STANDARD = gnu11;
				GCC_NO_COMMON_BLOCKS = YES;
				GCC_WARN_64_TO_32_BIT_CONVERSION = YES;
				GCC_WARN_ABOUT_RETURN_TYPE = YES_ERROR;
				GCC_WARN_UNDECLARED_SELECTOR = YES;
				GCC_WARN_UNINITIALIZED_AUTOS = YES_AGGRESSIVE;
				GCC_WARN_UNUSED_FUNCTION = YES;
				GCC_WARN_UNUSED_VARIABLE = YES;
				IPHONEOS_DEPLOYMENT_TARGET = 11.2;
				MTL_ENABLE_DEBUG_INFO = NO;
				SDKROOT = iphoneos;
				SWIFT_OPTIMIZATION_LEVEL = "-Owholemodule";
				VALIDATE_PRODUCT = YES;
			};
			name = Release;
		};
		1FB95588201CFE9400253C78 /* Debug */ = {
			isa = XCBuildConfiguration;
			buildSettings = {
				ASSETCATALOG_COMPILER_APPICON_NAME = AppIcon;
				CODE_SIGN_STYLE = Automatic;
				DEVELOPMENT_TEAM = SJXN493743;
				INFOPLIST_FILE = sharedApp2/Info.plist;
				IPHONEOS_DEPLOYMENT_TARGET = 10.3;
				LD_RUNPATH_SEARCH_PATHS = "$(inherited) @executable_path/Frameworks";
				PRODUCT_BUNDLE_IDENTIFIER = megangoodling.sharedApp2;
				PRODUCT_NAME = "$(TARGET_NAME)";
				SWIFT_VERSION = 4.0;
				TARGETED_DEVICE_FAMILY = "1,2";
			};
			name = Debug;
		};
		1FB95589201CFE9400253C78 /* Release */ = {
			isa = XCBuildConfiguration;
			buildSettings = {
				ASSETCATALOG_COMPILER_APPICON_NAME = AppIcon;
				CODE_SIGN_STYLE = Automatic;
				DEVELOPMENT_TEAM = SJXN493743;
				INFOPLIST_FILE = sharedApp2/Info.plist;
				IPHONEOS_DEPLOYMENT_TARGET = 10.3;
				LD_RUNPATH_SEARCH_PATHS = "$(inherited) @executable_path/Frameworks";
				PRODUCT_BUNDLE_IDENTIFIER = megangoodling.sharedApp2;
				PRODUCT_NAME = "$(TARGET_NAME)";
				SWIFT_VERSION = 4.0;
				TARGETED_DEVICE_FAMILY = "1,2";
			};
			name = Release;
		};
		1FB9558B201CFE9400253C78 /* Debug */ = {
			isa = XCBuildConfiguration;
			buildSettings = {
				ALWAYS_EMBED_SWIFT_STANDARD_LIBRARIES = YES;
				BUNDLE_LOADER = "$(TEST_HOST)";
				CODE_SIGN_STYLE = Automatic;
				DEVELOPMENT_TEAM = SJXN493743;
				INFOPLIST_FILE = sharedApp2Tests/Info.plist;
				LD_RUNPATH_SEARCH_PATHS = "$(inherited) @executable_path/Frameworks @loader_path/Frameworks";
				PRODUCT_BUNDLE_IDENTIFIER = megangoodling.sharedApp2Tests;
				PRODUCT_NAME = "$(TARGET_NAME)";
				SWIFT_VERSION = 4.0;
				TARGETED_DEVICE_FAMILY = "1,2";
				TEST_HOST = "$(BUILT_PRODUCTS_DIR)/sharedApp2.app/sharedApp2";
			};
			name = Debug;
		};
		1FB9558C201CFE9400253C78 /* Release */ = {
			isa = XCBuildConfiguration;
			buildSettings = {
				ALWAYS_EMBED_SWIFT_STANDARD_LIBRARIES = YES;
				BUNDLE_LOADER = "$(TEST_HOST)";
				CODE_SIGN_STYLE = Automatic;
				DEVELOPMENT_TEAM = SJXN493743;
				INFOPLIST_FILE = sharedApp2Tests/Info.plist;
				LD_RUNPATH_SEARCH_PATHS = "$(inherited) @executable_path/Frameworks @loader_path/Frameworks";
				PRODUCT_BUNDLE_IDENTIFIER = megangoodling.sharedApp2Tests;
				PRODUCT_NAME = "$(TARGET_NAME)";
				SWIFT_VERSION = 4.0;
				TARGETED_DEVICE_FAMILY = "1,2";
				TEST_HOST = "$(BUILT_PRODUCTS_DIR)/sharedApp2.app/sharedApp2";
			};
			name = Release;
		};
		1FB9558E201CFE9400253C78 /* Debug */ = {
			isa = XCBuildConfiguration;
			buildSettings = {
				ALWAYS_EMBED_SWIFT_STANDARD_LIBRARIES = YES;
				CODE_SIGN_STYLE = Automatic;
				DEVELOPMENT_TEAM = SJXN493743;
				INFOPLIST_FILE = sharedApp2UITests/Info.plist;
				LD_RUNPATH_SEARCH_PATHS = "$(inherited) @executable_path/Frameworks @loader_path/Frameworks";
				PRODUCT_BUNDLE_IDENTIFIER = megangoodling.sharedApp2UITests;
				PRODUCT_NAME = "$(TARGET_NAME)";
				SWIFT_VERSION = 4.0;
				TARGETED_DEVICE_FAMILY = "1,2";
				TEST_TARGET_NAME = sharedApp2;
			};
			name = Debug;
		};
		1FB9558F201CFE9400253C78 /* Release */ = {
			isa = XCBuildConfiguration;
			buildSettings = {
				ALWAYS_EMBED_SWIFT_STANDARD_LIBRARIES = YES;
				CODE_SIGN_STYLE = Automatic;
				DEVELOPMENT_TEAM = SJXN493743;
				INFOPLIST_FILE = sharedApp2UITests/Info.plist;
				LD_RUNPATH_SEARCH_PATHS = "$(inherited) @executable_path/Frameworks @loader_path/Frameworks";
				PRODUCT_BUNDLE_IDENTIFIER = megangoodling.sharedApp2UITests;
				PRODUCT_NAME = "$(TARGET_NAME)";
				SWIFT_VERSION = 4.0;
				TARGETED_DEVICE_FAMILY = "1,2";
				TEST_TARGET_NAME = sharedApp2;
			};
			name = Release;
		};
/* End XCBuildConfiguration section */

/* Begin XCConfigurationList section */
		1FB95558201CFE9300253C78 /* Build configuration list for PBXProject "sharedApp2" */ = {
			isa = XCConfigurationList;
			buildConfigurations = (
				1FB95585201CFE9400253C78 /* Debug */,
				1FB95586201CFE9400253C78 /* Release */,
			);
			defaultConfigurationIsVisible = 0;
			defaultConfigurationName = Release;
		};
		1FB95587201CFE9400253C78 /* Build configuration list for PBXNativeTarget "sharedApp2" */ = {
			isa = XCConfigurationList;
			buildConfigurations = (
				1FB95588201CFE9400253C78 /* Debug */,
				1FB95589201CFE9400253C78 /* Release */,
			);
			defaultConfigurationIsVisible = 0;
			defaultConfigurationName = Release;
		};
		1FB9558A201CFE9400253C78 /* Build configuration list for PBXNativeTarget "sharedApp2Tests" */ = {
			isa = XCConfigurationList;
			buildConfigurations = (
				1FB9558B201CFE9400253C78 /* Debug */,
				1FB9558C201CFE9400253C78 /* Release */,
			);
			defaultConfigurationIsVisible = 0;
			defaultConfigurationName = Release;
		};
		1FB9558D201CFE9400253C78 /* Build configuration list for PBXNativeTarget "sharedApp2UITests" */ = {
			isa = XCConfigurationList;
			buildConfigurations = (
				1FB9558E201CFE9400253C78 /* Debug */,
				1FB9558F201CFE9400253C78 /* Release */,
			);
			defaultConfigurationIsVisible = 0;
			defaultConfigurationName = Release;
		};
/* End XCConfigurationList section */
	};
	rootObject = 1FB95555201CFE9300253C78 /* Project object */;
}
